// !$*UTF8*$!
{
	archiveVersion = 1;
	classes = {
	};
	objectVersion = 46;
	objects = {

/* Begin PBXBuildFile section */
		BCBAB5F41E05AE3E00BBE7FC /* AppDelegate.swift in Sources */ = {isa = PBXBuildFile; fileRef = BCBAB5F31E05AE3E00BBE7FC /* AppDelegate.swift */; };
		BCBAB5F61E05AE3E00BBE7FC /* ViewController.swift in Sources */ = {isa = PBXBuildFile; fileRef = BCBAB5F51E05AE3E00BBE7FC /* ViewController.swift */; };
		BCBAB5F91E05AE3E00BBE7FC /* Main.storyboard in Resources */ = {isa = PBXBuildFile; fileRef = BCBAB5F71E05AE3E00BBE7FC /* Main.storyboard */; };
		BCBAB5FB1E05AE3E00BBE7FC /* Assets.xcassets in Resources */ = {isa = PBXBuildFile; fileRef = BCBAB5FA1E05AE3E00BBE7FC /* Assets.xcassets */; };
		BCBAB5FE1E05AE3E00BBE7FC /* LaunchScreen.storyboard in Resources */ = {isa = PBXBuildFile; fileRef = BCBAB5FC1E05AE3E00BBE7FC /* LaunchScreen.storyboard */; };
		BCFBA8221E05AE7C00804DFD /* ScrollTo.swift in Sources */ = {isa = PBXBuildFile; fileRef = BCFBA8211E05AE7C00804DFD /* ScrollTo.swift */; };
/* End PBXBuildFile section */

/* Begin PBXFileReference section */
		BCBAB5F01E05AE3E00BBE7FC /* ScrollTo.app */ = {isa = PBXFileReference; explicitFileType = wrapper.application; includeInIndex = 0; path = ScrollTo.app; sourceTree = BUILT_PRODUCTS_DIR; };
		BCBAB5F31E05AE3E00BBE7FC /* AppDelegate.swift */ = {isa = PBXFileReference; lastKnownFileType = sourcecode.swift; path = AppDelegate.swift; sourceTree = "<group>"; };
		BCBAB5F51E05AE3E00BBE7FC /* ViewController.swift */ = {isa = PBXFileReference; lastKnownFileType = sourcecode.swift; path = ViewController.swift; sourceTree = "<group>"; };
		BCBAB5F81E05AE3E00BBE7FC /* Base */ = {isa = PBXFileReference; lastKnownFileType = file.storyboard; name = Base; path = Base.lproj/Main.storyboard; sourceTree = "<group>"; };
		BCBAB5FA1E05AE3E00BBE7FC /* Assets.xcassets */ = {isa = PBXFileReference; lastKnownFileType = folder.assetcatalog; path = Assets.xcassets; sourceTree = "<group>"; };
		BCBAB5FD1E05AE3E00BBE7FC /* Base */ = {isa = PBXFileReference; lastKnownFileType = file.storyboard; name = Base; path = Base.lproj/LaunchScreen.storyboard; sourceTree = "<group>"; };
		BCBAB5FF1E05AE3E00BBE7FC /* Info.plist */ = {isa = PBXFileReference; lastKnownFileType = text.plist.xml; path = Info.plist; sourceTree = "<group>"; };
		BCFBA8211E05AE7C00804DFD /* ScrollTo.swift */ = {isa = PBXFileReference; fileEncoding = 4; lastKnownFileType = sourcecode.swift; path = ScrollTo.swift; sourceTree = "<group>"; };
/* End PBXFileReference section */

/* Begin PBXFrameworksBuildPhase section */
		BCBAB5ED1E05AE3E00BBE7FC /* Frameworks */ = {
			isa = PBXFrameworksBuildPhase;
			buildActionMask = 2147483647;
			files = (
			);
			runOnlyForDeploymentPostprocessing = 0;
		};
/* End PBXFrameworksBuildPhase section */

/* Begin PBXGroup section */
		BCBAB5E71E05AE3E00BBE7FC = {
			isa = PBXGroup;
			children = (
				BCBAB5F21E05AE3E00BBE7FC /* ScrollTo */,
				BCBAB5F11E05AE3E00BBE7FC /* Products */,
			);
			sourceTree = "<group>";
		};
		BCBAB5F11E05AE3E00BBE7FC /* Products */ = {
			isa = PBXGroup;
			children = (
				BCBAB5F01E05AE3E00BBE7FC /* ScrollTo.app */,
			);
			name = Products;
			sourceTree = "<group>";
		};
		BCBAB5F21E05AE3E00BBE7FC /* ScrollTo */ = {
			isa = PBXGroup;
			children = (
				BCFBA8231E06B7B100804DFD /* ScrollTo */,
				BCBAB5F31E05AE3E00BBE7FC /* AppDelegate.swift */,
				BCBAB5F51E05AE3E00BBE7FC /* ViewController.swift */,
				BCBAB5F71E05AE3E00BBE7FC /* Main.storyboard */,
				BCBAB5FA1E05AE3E00BBE7FC /* Assets.xcassets */,
				BCBAB5FC1E05AE3E00BBE7FC /* LaunchScreen.storyboard */,
				BCBAB5FF1E05AE3E00BBE7FC /* Info.plist */,
			);
			path = ScrollTo;
			sourceTree = "<group>";
		};
		BCFBA8231E06B7B100804DFD /* ScrollTo */ = {
			isa = PBXGroup;
			children = (
				BCFBA8211E05AE7C00804DFD /* ScrollTo.swift */,
			);
			name = ScrollTo;
			sourceTree = "<group>";
		};
/* End PBXGroup section */

/* Begin PBXNativeTarget section */
		BCBAB5EF1E05AE3E00BBE7FC /* ScrollTo */ = {
			isa = PBXNativeTarget;
			buildConfigurationList = BCBAB6021E05AE3E00BBE7FC /* Build configuration list for PBXNativeTarget "ScrollTo" */;
			buildPhases = (
				BCBAB5EC1E05AE3E00BBE7FC /* Sources */,
				BCBAB5ED1E05AE3E00BBE7FC /* Frameworks */,
				BCBAB5EE1E05AE3E00BBE7FC /* Resources */,
			);
			buildRules = (
			);
			dependencies = (
			);
			name = ScrollTo;
			productName = ScrollTo;
			productReference = BCBAB5F01E05AE3E00BBE7FC /* ScrollTo.app */;
			productType = "com.apple.product-type.application";
		};
/* End PBXNativeTarget section */

/* Begin PBXProject section */
		BCBAB5E81E05AE3E00BBE7FC /* Project object */ = {
			isa = PBXProject;
			attributes = {
				LastSwiftUpdateCheck = 0800;
				LastUpgradeCheck = 0800;
				ORGANIZATIONNAME = Lab;
				TargetAttributes = {
					BCBAB5EF1E05AE3E00BBE7FC = {
						CreatedOnToolsVersion = 8.0;
						DevelopmentTeam = WJ26RLBF55;
						ProvisioningStyle = Automatic;
					};
				};
			};
			buildConfigurationList = BCBAB5EB1E05AE3E00BBE7FC /* Build configuration list for PBXProject "ScrollTo" */;
			compatibilityVersion = "Xcode 3.2";
			developmentRegion = English;
			hasScannedForEncodings = 0;
			knownRegions = (
				en,
				Base,
			);
			mainGroup = BCBAB5E71E05AE3E00BBE7FC;
			productRefGroup = BCBAB5F11E05AE3E00BBE7FC /* Products */;
			projectDirPath = "";
			projectRoot = "";
			targets = (
				BCBAB5EF1E05AE3E00BBE7FC /* ScrollTo */,
			);
		};
/* End PBXProject section */

/* Begin PBXResourcesBuildPhase section */
		BCBAB5EE1E05AE3E00BBE7FC /* Resources */ = {
			isa = PBXResourcesBuildPhase;
			buildActionMask = 2147483647;
			files = (
				BCBAB5FE1E05AE3E00BBE7FC /* LaunchScreen.storyboard in Resources */,
				BCBAB5FB1E05AE3E00BBE7FC /* Assets.xcassets in Resources */,
				BCBAB5F91E05AE3E00BBE7FC /* Main.storyboard in Resources */,
			);
			runOnlyForDeploymentPostprocessing = 0;
		};
/* End PBXResourcesBuildPhase section */

/* Begin PBXSourcesBuildPhase section */
		BCBAB5EC1E05AE3E00BBE7FC /* Sources */ = {
			isa = PBXSourcesBuildPhase;
			buildActionMask = 2147483647;
			files = (
				BCFBA8221E05AE7C00804DFD /* ScrollTo.swift in Sources */,
				BCBAB5F61E05AE3E00BBE7FC /* ViewController.swift in Sources */,
				BCBAB5F41E05AE3E00BBE7FC /* AppDelegate.swift in Sources */,
			);
			runOnlyForDeploymentPostprocessing = 0;
		};
/* End PBXSourcesBuildPhase section */

/* Begin PBXVariantGroup section */
		BCBAB5F71E05AE3E00BBE7FC /* Main.storyboard */ = {
			isa = PBXVariantGroup;
			children = (
				BCBAB5F81E05AE3E00BBE7FC /* Base */,
			);
			name = Main.storyboard;
			sourceTree = "<group>";
		};
		BCBAB5FC1E05AE3E00BBE7FC /* LaunchScreen.storyboard */ = {
			isa = PBXVariantGroup;
			children = (
				BCBAB5FD1E05AE3E00BBE7FC /* Base */,
			);
			name = LaunchScreen.storyboard;
			sourceTree = "<group>";
		};
/* End PBXVariantGroup section */

/* Begin XCBuildConfiguration section */
		BCBAB6001E05AE3E00BBE7FC /* Debug */ = {
			isa = XCBuildConfiguration;
			buildSettings = {
				ALWAYS_SEARCH_USER_PATHS = NO;
				CLANG_ANALYZER_NONNULL = YES;
				CLANG_CXX_LANGUAGE_STANDARD = "gnu++0x";
				CLANG_CXX_LIBRARY = "libc++";
				CLANG_ENABLE_MODULES = YES;
				CLANG_ENABLE_OBJC_ARC = YES;
				CLANG_WARN_BOOL_CONVERSION = YES;
				CLANG_WARN_CONSTANT_CONVERSION = YES;
				CLANG_WARN_DIRECT_OBJC_ISA_USAGE = YES_ERROR;
				CLANG_WARN_DOCUMENTATION_COMMENTS = YES;
				CLANG_WARN_EMPTY_BODY = YES;
				CLANG_WARN_ENUM_CONVERSION = YES;
				CLANG_WARN_INFINITE_RECURSION = YES;
				CLANG_WARN_INT_CONVERSION = YES;
				CLANG_WARN_OBJC_ROOT_CLASS = YES_ERROR;
				CLANG_WARN_SUSPICIOUS_MOVES = YES;
				CLANG_WARN_UNREACHABLE_CODE = YES;
				CLANG_WARN__DUPLICATE_METHOD_MATCH = YES;
				"CODE_SIGN_IDENTITY[sdk=iphoneos*]" = "iPhone Developer";
				COPY_PHASE_STRIP = NO;
				DEBUG_INFORMATION_FORMAT = dwarf;
				ENABLE_STRICT_OBJC_MSGSEND = YES;
				ENABLE_TESTABILITY = YES;
				GCC_C_LANGUAGE_STANDARD = gnu99;
				GCC_DYNAMIC_NO_PIC = NO;
				GCC_NO_COMMON_BLOCKS = YES;
				GCC_OPTIMIZATION_LEVEL = 0;
				GCC_PREPROCESSOR_DEFINITIONS = (
					"DEBUG=1",
					"$(inherited)",
				);
				GCC_WARN_64_TO_32_BIT_CONVERSION = YES;
				GCC_WARN_ABOUT_RETURN_TYPE = YES_ERROR;
				GCC_WARN_UNDECLARED_SELECTOR = YES;
				GCC_WARN_UNINITIALIZED_AUTOS = YES_AGGRESSIVE;
				GCC_WARN_UNUSED_FUNCTION = YES;
				GCC_WARN_UNUSED_VARIABLE = YES;
				IPHONEOS_DEPLOYMENT_TARGET = 10.0;
				MTL_ENABLE_DEBUG_INFO = YES;
				ONLY_ACTIVE_ARCH = YES;
				SDKROOT = iphoneos;
				SWIFT_ACTIVE_COMPILATION_CONDITIONS = DEBUG;
				SWIFT_OPTIMIZATION_LEVEL = "-Onone";
				TARGETED_DEVICE_FAMILY = "1,2";
			};
			name = Debug;
		};
		BCBAB6011E05AE3E00BBE7FC /* Release */ = {
			isa = XCBuildConfiguration;
			buildSettings = {
				ALWAYS_SEARCH_USER_PATHS = NO;
				CLANG_ANALYZER_NONNULL = YES;
				CLANG_CXX_LANGUAGE_STANDARD = "gnu++0x";
				CLANG_CXX_LIBRARY = "libc++";
				CLANG_ENABLE_MODULES = YES;
				CLANG_ENABLE_OBJC_ARC = YES;
				CLANG_WARN_BOOL_CONVERSION = YES;
				CLANG_WARN_CONSTANT_CONVERSION = YES;
				CLANG_WARN_DIRECT_OBJC_ISA_USAGE = YES_ERROR;
				CLANG_WARN_DOCUMENTATION_COMMENTS = YES;
				CLANG_WARN_EMPTY_BODY = YES;
				CLANG_WARN_ENUM_CONVERSION = YES;
				CLANG_WARN_INFINITE_RECURSION = YES;
				CLANG_WARN_INT_CONVERSION = YES;
				CLANG_WARN_OBJC_ROOT_CLASS = YES_ERROR;
				CLANG_WARN_SUSPICIOUS_MOVES = YES;
				CLANG_WARN_UNREACHABLE_CODE = YES;
				CLANG_WARN__DUPLICATE_METHOD_MATCH = YES;
				"CODE_SIGN_IDENTITY[sdk=iphoneos*]" = "iPhone Developer";
				COPY_PHASE_STRIP = NO;
				DEBUG_INFORMATION_FORMAT = "dwarf-with-dsym";
				ENABLE_NS_ASSERTIONS = NO;
				ENABLE_STRICT_OBJC_MSGSEND = YES;
				GCC_C_LANGUAGE_STANDARD = gnu99;
				GCC_NO_COMMON_BLOCKS = YES;
				GCC_WARN_64_TO_32_BIT_CONVERSION = YES;
				GCC_WARN_ABOUT_RETURN_TYPE = YES_ERROR;
				GCC_WARN_UNDECLARED_SELECTOR = YES;
				GCC_WARN_UNINITIALIZED_AUTOS = YES_AGGRESSIVE;
				GCC_WARN_UNUSED_FUNCTION = YES;
				GCC_WARN_UNUSED_VARIABLE = YES;
				IPHONEOS_DEPLOYMENT_TARGET = 10.0;
				MTL_ENABLE_DEBUG_INFO = NO;
				SDKROOT = iphoneos;
				SWIFT_OPTIMIZATION_LEVEL = "-Owholemodule";
				TARGETED_DEVICE_FAMILY = "1,2";
				VALIDATE_PRODUCT = YES;
			};
			name = Release;
		};
		BCBAB6031E05AE3E00BBE7FC /* Debug */ = {
			isa = XCBuildConfiguration;
			buildSettings = {
				ASSETCATALOG_COMPILER_APPICON_NAME = AppIcon;
				DEVELOPMENT_TEAM = WJ26RLBF55;
				INFOPLIST_FILE = ScrollTo/Info.plist;
				LD_RUNPATH_SEARCH_PATHS = "$(inherited) @executable_path/Frameworks";
				PRODUCT_BUNDLE_IDENTIFIER = com.yagiz.lag.ScrollTo;
				PRODUCT_NAME = "$(TARGET_NAME)";
				SWIFT_VERSION = 3.0;
			};
			name = Debug;
		};
		BCBAB6041E05AE3E00BBE7FC /* Release */ = {
			isa = XCBuildConfiguration;
			buildSettings = {
				ASSETCATALOG_COMPILER_APPICON_NAME = AppIcon;
				DEVELOPMENT_TEAM = WJ26RLBF55;
				INFOPLIST_FILE = ScrollTo/Info.plist;
				LD_RUNPATH_SEARCH_PATHS = "$(inherited) @executable_path/Frameworks";
				PRODUCT_BUNDLE_IDENTIFIER = com.yagiz.lag.ScrollTo;
				PRODUCT_NAME = "$(TARGET_NAME)";
				SWIFT_VERSION = 3.0;
			};
			name = Release;
		};
/* End XCBuildConfiguration section */

/* Begin XCConfigurationList section */
		BCBAB5EB1E05AE3E00BBE7FC /* Build configuration list for PBXProject "ScrollTo" */ = {
			isa = XCConfigurationList;
			buildConfigurations = (
				BCBAB6001E05AE3E00BBE7FC /* Debug */,
				BCBAB6011E05AE3E00BBE7FC /* Release */,
			);
			defaultConfigurationIsVisible = 0;
			defaultConfigurationName = Release;
		};
		BCBAB6021E05AE3E00BBE7FC /* Build configuration list for PBXNativeTarget "ScrollTo" */ = {
			isa = XCConfigurationList;
			buildConfigurations = (
				BCBAB6031E05AE3E00BBE7FC /* Debug */,
				BCBAB6041E05AE3E00BBE7FC /* Release */,
			);
			defaultConfigurationIsVisible = 0;
			defaultConfigurationName = Release;
		};
/* End XCConfigurationList section */
	};
	rootObject = BCBAB5E81E05AE3E00BBE7FC /* Project object */;
}
